
Microsoft Visual Studio Solution File, Format Version 12.00
# Visual Studio Version 17
VisualStudioVersion = 17.8.34525.116
MinimumVisualStudioVersion = 10.0.40219.1
Project("{FAE04EC0-301F-11D3-BF4B-00C04F79EFBC}") = "ContosoUniversity", "ContosoUniversity.csproj", "{FF3F25B9-6E1A-4D39-A38B-CE25FB6AEFCE}"
EndProject
Global
	GlobalSection(SolutionConfigurationPlatforms) = preSolution
		Debug|Any CPU = Debug|Any CPU
		Release|Any CPU = Release|Any CPU
	EndGlobalSection
	GlobalSection(ProjectConfigurationPlatforms) = postSolution
		{FF3F25B9-6E1A-4D39-A38B-CE25FB6AEFCE}.Debug|Any CPU.ActiveCfg = Debug|Any CPU
		{FF3F25B9-6E1A-4D39-A38B-CE25FB6AEFCE}.Debug|Any CPU.Build.0 = Debug|Any CPU
		{FF3F25B9-6E1A-4D39-A38B-CE25FB6AEFCE}.Release|Any CPU.ActiveCfg = Release|Any CPU
		{FF3F25B9-6E1A-4D39-A38B-CE25FB6AEFCE}.Release|Any CPU.Build.0 = Release|Any CPU
	EndGlobalSection
	GlobalSection(SolutionProperties) = preSolution
		HideSolutionNode = FALSE
	EndGlobalSection
	GlobalSection(ExtensibilityGlobals) = postSolution
		SolutionGuid = {7393294B-A3D5-4BDB-98D9-BC401589CB16}
	EndGlobalSection
EndGlobal
